
Microsoft Visual Studio Solution File, Format Version 12.00
# Visual Studio Version 16
VisualStudioVersion = 16.0.30907.101
MinimumVisualStudioVersion = 10.0.40219.1
Project("{FAE04EC0-301F-11D3-BF4B-00C04F79EFBC}") = "ClassMetotDemo", "ClassMetotDemo\ClassMetotDemo.csproj", "{84E5B044-A1BC-48E9-B6D4-CE9959ACA716}"
EndProject
Global
	GlobalSection(SolutionConfigurationPlatforms) = preSolution
		Debug|Any CPU = Debug|Any CPU
		Release|Any CPU = Release|Any CPU
	EndGlobalSection
	GlobalSection(ProjectConfigurationPlatforms) = postSolution
		{84E5B044-A1BC-48E9-B6D4-CE9959ACA716}.Debug|Any CPU.ActiveCfg = Debug|Any CPU
		{84E5B044-A1BC-48E9-B6D4-CE9959ACA716}.Debug|Any CPU.Build.0 = Debug|Any CPU
		{84E5B044-A1BC-48E9-B6D4-CE9959ACA716}.Release|Any CPU.ActiveCfg = Release|Any CPU
		{84E5B044-A1BC-48E9-B6D4-CE9959ACA716}.Release|Any CPU.Build.0 = Release|Any CPU
	EndGlobalSection
	GlobalSection(SolutionProperties) = preSolution
		HideSolutionNode = FALSE
	EndGlobalSection
	GlobalSection(ExtensibilityGlobals) = postSolution
		SolutionGuid = {013FD590-23D7-4A3C-94AC-00E02B753CD9}
	EndGlobalSection
EndGlobal
